<?xml version="1.0" encoding="utf-8"?>
<Project ToolsVersion="4.0" xmlns="http://schemas.microsoft.com/developer/msbuild/2003">
  <ItemGroup>
    <Filter Include="Source Files">
      <UniqueIdentifier>{4FC737F1-C7A5-4376-A066-2A32D752A2FF}</UniqueIdentifier>
      <Extensions>cpp;c;cc;cxx;def;odl;idl;hpj;bat;asm;asmx</Extensions>
    </Filter>
    <Filter Include="Header Files">
      <UniqueIdentifier>{93995380-89BD-4b04-88EB-625FBE52EBFB}</UniqueIdentifier>
      <Extensions>h;hh;hpp;hxx;hm;inl;inc;xsd</Extensions>
    </Filter>
    <Filter Include="Resource Files">
      <UniqueIdentifier>{67DA6AB6-F800-4c08-8B7A-83BB121AAD01}</UniqueIdentifier>
      <Extensions>rc;ico;cur;bmp;dlg;rc2;rct;bin;rgs;gif;jpg;jpeg;jpe;resx;tiff;tif;png;wav;mfcribbon-ms</Extensions>
    </Filter>
  </ItemGroup>
  <ItemGroup>
    <Text Include="ReadMe.txt" />
  </ItemGroup>
  <ItemGroup>
    <ClInclude Include="TegraRcmGUI.h">
      <Filter>Header Files</Filter>
    </ClInclude>
    <ClInclude Include="TegraRcmGUIDlg.h">
      <Filter>Header Files</Filter>
    </ClInclude>
    <ClInclude Include="stdafx.h">
      <Filter>Header Files</Filter>
    </ClInclude>
    <ClInclude Include="targetver.h">
      <Filter>Header Files</Filter>
    </ClInclude>
    <ClInclude Include="Resource.h">
      <Filter>Header Files</Filter>
    </ClInclude>
    <ClInclude Include="libusbk_int.h">
      <Filter>Header Files</Filter>
    </ClInclude>
    <ClInclude Include="ScopeGuard.h">
      <Filter>Header Files</Filter>
    </ClInclude>
    <ClInclude Include="TegraRcmSmash.h">
      <Filter>Header Files</Filter>
    </ClInclude>
    <ClInclude Include="Types.h">
      <Filter>Header Files</Filter>
    </ClInclude>
    <ClInclude Include="Win32Def.h">
      <Filter>Header Files</Filter>
    </ClInclude>
    <ClInclude Include="WinHandle.h">
      <Filter>Header Files</Filter>
    </ClInclude>
    <ClInclude Include="res\BitmapPicture.h">
      <Filter>Header Files</Filter>
    </ClInclude>
    <ClInclude Include="MyTabCtrl.h">
      <Filter>Header Files</Filter>
    </ClInclude>
    <ClInclude Include="DialogTab01.h">
      <Filter>Header Files</Filter>
    </ClInclude>
    <ClInclude Include="DialogTab02.h">
      <Filter>Header Files</Filter>
    </ClInclude>
    <ClInclude Include="DialogTab03.h">
      <Filter>Header Files</Filter>
    </ClInclude>
    <ClInclude Include="TegraRcm.h">
      <Filter>Header Files</Filter>
    </ClInclude>
  </ItemGroup>
  <ItemGroup>
    <ClCompile Include="TegraRcmGUI.cpp">
      <Filter>Source Files</Filter>
    </ClCompile>
    <ClCompile Include="TegraRcmGUIDlg.cpp">
      <Filter>Source Files</Filter>
    </ClCompile>
    <ClCompile Include="stdafx.cpp">
      <Filter>Source Files</Filter>
    </ClCompile>
    <ClCompile Include="TegraRcmSmash.cpp">
      <Filter>Source Files</Filter>
    </ClCompile>
    <ClCompile Include="res\BitmapPicture.cpp">
      <Filter>Source Files</Filter>
    </ClCompile>
    <ClCompile Include="MyTabCtrl.cpp">
      <Filter>Source Files</Filter>
    </ClCompile>
    <ClCompile Include="DialogTab01.cpp">
      <Filter>Source Files</Filter>
    </ClCompile>
    <ClCompile Include="DialogTab02.cpp">
      <Filter>Source Files</Filter>
    </ClCompile>
    <ClCompile Include="DialogTab03.cpp">
      <Filter>Source Files</Filter>
    </ClCompile>
    <ClCompile Include="TegraRcm.cpp">
      <Filter>Source Files</Filter>
    </ClCompile>
  </ItemGroup>
  <ItemGroup>
    <ResourceCompile Include="TegraRcmGUI.rc">
      <Filter>Resource Files</Filter>
    </ResourceCompile>
  </ItemGroup>
  <ItemGroup>
    <None Include="res\TegraRcmGUI.rc2">
      <Filter>Resource Files</Filter>
    </None>
  </ItemGroup>
  <ItemGroup>
    <Image Include="res\TegraRcmGUI.ico">
      <Filter>Resource Files</Filter>
    </Image>
    <Image Include="res\driver_ko.bmp">
      <Filter>Resource Files</Filter>
    </Image>
    <Image Include="res\init_logo.bmp">
      <Filter>Resource Files</Filter>
    </Image>
    <Image Include="res\rcm_detected.bmp">
      <Filter>Resource Files</Filter>
    </Image>
    <Image Include="res\rcm_undetected.bmp">
      <Filter>Resource Files</Filter>
    </Image>
    <Image Include="..\..\..\..\..\..\Visual Studio 2015\Projects\TegraRcmGUI\TegraRcmGUI\res\TegraRcmGUI.ico">
      <Filter>Resource Files</Filter>
    </Image>
    <Image Include="res\bitmap2.bmp">
      <Filter>Resource Files</Filter>
    </Image>
    <Image Include="res\init_log.bmp">
      <Filter>Resource Files</Filter>
    </Image>
    <Image Include="res\error.bmp">
      <Filter>Resource Files</Filter>
    </Image>
    <Image Include="res\loaded.bmp">
      <Filter>Resource Files</Filter>
    </Image>
    <Image Include="res\loading.bmp">
      <Filter>Resource Files</Filter>
    </Image>
    <Image Include="res\icon1.ico">
      <Filter>Resource Files</Filter>
    </Image>
    <Image Include="res\tray_ico_connected.ico">
      <Filter>Resource Files</Filter>
    </Image>
    <Image Include="res\tray_ico_not_connected.ico">
      <Filter>Resource Files</Filter>
    </Image>
    <Image Include="res\browse.ico">
      <Filter>Resource Files</Filter>
    </Image>
    <Image Include="res\status.ico">
      <Filter>Resource Files</Filter>
    </Image>
    <Image Include="res\linux_icon.ico">
      <Filter>Resource Files</Filter>
    </Image>
    <Image Include="res\usb_icon.ico">
      <Filter>Resource Files</Filter>
    </Image>
    <Image Include="res\add.ico">
      <Filter>Resource Files</Filter>
    </Image>
    <Image Include="res\delete.ico">
      <Filter>Resource Files</Filter>
    </Image>
    <Image Include="res\rcm_undetected_2.bmp">
      <Filter>Resource Files</Filter>
    </Image>
    <Image Include="res\driver_ko_2.bmp">
      <Filter>Resource Files</Filter>
    </Image>
    <Image Include="res\rcm_detected_2.bmp">
      <Filter>Resource Files</Filter>
    </Image>
    <Image Include="res\loaded_2.bmp">
      <Filter>Resource Files</Filter>
    </Image>
    <Image Include="res\loading_2.bmp">
      <Filter>Resource Files</Filter>
    </Image>
    <Image Include="res\error_2.bmp">
      <Filter>Resource Files</Filter>
    </Image>
    <Image Include="res\init_logo_2.bmp">
      <Filter>Resource Files</Filter>
    </Image>
  </ItemGroup>
</Project>