
Microsoft Visual Studio Solution File, Format Version 12.00
# Visual Studio 15
VisualStudioVersion = 15.0.26228.9
MinimumVisualStudioVersion = 10.0.40219.1
Project("{8BC9CEB8-8B4A-11D0-8D11-00A0C91BC942}") = "TegraRcmGUI", "TegraRcmGUI\TegraRcmGUI.vcxproj", "{2C091C5B-378F-44D0-91F2-53489BA7B83C}"
EndProject
Global
	GlobalSection(SolutionConfigurationPlatforms) = preSolution
		Debug|x64 = Debug|x64
		Debug|x86 = Debug|x86
		Release|x64 = Release|x64
		Release|x86 = Release|x86
		Static Debug|x64 = Static Debug|x64
		Static Debug|x86 = Static Debug|x86
		Static Release|x64 = Static Release|x64
		Static Release|x86 = Static Release|x86
	EndGlobalSection
	GlobalSection(ProjectConfigurationPlatforms) = postSolution
		{2C091C5B-378F-44D0-91F2-53489BA7B83C}.Debug|x64.ActiveCfg = Debug|x64
		{2C091C5B-378F-44D0-91F2-53489BA7B83C}.Debug|x64.Build.0 = Debug|x64
		{2C091C5B-378F-44D0-91F2-53489BA7B83C}.Debug|x86.ActiveCfg = Debug|Win32
		{2C091C5B-378F-44D0-91F2-53489BA7B83C}.Debug|x86.Build.0 = Debug|Win32
		{2C091C5B-378F-44D0-91F2-53489BA7B83C}.Release|x64.ActiveCfg = Release|x64
		{2C091C5B-378F-44D0-91F2-53489BA7B83C}.Release|x64.Build.0 = Release|x64
		{2C091C5B-378F-44D0-91F2-53489BA7B83C}.Release|x86.ActiveCfg = Release|Win32
		{2C091C5B-378F-44D0-91F2-53489BA7B83C}.Release|x86.Build.0 = Release|Win32
		{2C091C5B-378F-44D0-91F2-53489BA7B83C}.Static Debug|x64.ActiveCfg = Debug|x64
		{2C091C5B-378F-44D0-91F2-53489BA7B83C}.Static Debug|x64.Build.0 = Debug|x64
		{2C091C5B-378F-44D0-91F2-53489BA7B83C}.Static Debug|x86.ActiveCfg = Debug|Win32
		{2C091C5B-378F-44D0-91F2-53489BA7B83C}.Static Debug|x86.Build.0 = Debug|Win32
		{2C091C5B-378F-44D0-91F2-53489BA7B83C}.Static Release|x64.ActiveCfg = Release|x64
		{2C091C5B-378F-44D0-91F2-53489BA7B83C}.Static Release|x64.Build.0 = Release|x64
		{2C091C5B-378F-44D0-91F2-53489BA7B83C}.Static Release|x86.ActiveCfg = Release|Win32
		{2C091C5B-378F-44D0-91F2-53489BA7B83C}.Static Release|x86.Build.0 = Release|Win32
	EndGlobalSection
	GlobalSection(SolutionProperties) = preSolution
		HideSolutionNode = FALSE
	EndGlobalSection
EndGlobal
